// !$*UTF8*$!
{
	archiveVersion = 1;
	classes = {
	};
	objectVersion = 50;
	objects = {

/* Begin PBXBuildFile section */
		F7B4DD60251EB5B6005147AE /* SomeFramework.framework in Frameworks */ = {isa = PBXBuildFile; fileRef = F7B4DD56251EB5B6005147AE /* SomeFramework.framework */; };
		F7B4DD65251EB5B6005147AE /* SomeFrameworkTests.swift in Sources */ = {isa = PBXBuildFile; fileRef = F7B4DD64251EB5B6005147AE /* SomeFrameworkTests.swift */; };
		F7B4DD67251EB5B6005147AE /* SomeFramework.h in Headers */ = {isa = PBXBuildFile; fileRef = F7B4DD59251EB5B6005147AE /* SomeFramework.h */; settings = {ATTRIBUTES = (Public, ); }; };
		F7B4DD97251EB61C005147AE /* AppDelegate.swift in Sources */ = {isa = PBXBuildFile; fileRef = F7B4DD96251EB61C005147AE /* AppDelegate.swift */; };
		F7B4DD99251EB61C005147AE /* SceneDelegate.swift in Sources */ = {isa = PBXBuildFile; fileRef = F7B4DD98251EB61C005147AE /* SceneDelegate.swift */; };
		F7B4DD9B251EB61C005147AE /* ViewController.swift in Sources */ = {isa = PBXBuildFile; fileRef = F7B4DD9A251EB61C005147AE /* ViewController.swift */; };
		F7B4DD9E251EB61C005147AE /* Main.storyboard in Resources */ = {isa = PBXBuildFile; fileRef = F7B4DD9C251EB61C005147AE /* Main.storyboard */; };
		F7B4DDA0251EB61D005147AE /* Assets.xcassets in Resources */ = {isa = PBXBuildFile; fileRef = F7B4DD9F251EB61D005147AE /* Assets.xcassets */; };
		F7B4DDA3251EB61D005147AE /* LaunchScreen.storyboard in Resources */ = {isa = PBXBuildFile; fileRef = F7B4DDA1251EB61D005147AE /* LaunchScreen.storyboard */; };
/* End PBXBuildFile section */

/* Begin PBXContainerItemProxy section */
		F7B4DD61251EB5B6005147AE /* PBXContainerItemProxy */ = {
			isa = PBXContainerItemProxy;
			containerPortal = F7B4DD4D251EB5B6005147AE /* Project object */;
			proxyType = 1;
			remoteGlobalIDString = F7B4DD55251EB5B6005147AE;
			remoteInfo = SomeFramework;
		};
		F7B4DDA8251EB626005147AE /* PBXContainerItemProxy */ = {
			isa = PBXContainerItemProxy;
			containerPortal = F7B4DD4D251EB5B6005147AE /* Project object */;
			proxyType = 1;
			remoteGlobalIDString = F7B4DD93251EB61C005147AE;
			remoteInfo = TestHostApp;
		};
/* End PBXContainerItemProxy section */

/* Begin PBXFileReference section */
		F7B4DD56251EB5B6005147AE /* SomeFramework.framework */ = {isa = PBXFileReference; explicitFileType = wrapper.framework; includeInIndex = 0; path = SomeFramework.framework; sourceTree = BUILT_PRODUCTS_DIR; };
		F7B4DD59251EB5B6005147AE /* SomeFramework.h */ = {isa = PBXFileReference; lastKnownFileType = sourcecode.c.h; path = SomeFramework.h; sourceTree = "<group>"; };
		F7B4DD5A251EB5B6005147AE /* Info.plist */ = {isa = PBXFileReference; lastKnownFileType = text.plist.xml; path = Info.plist; sourceTree = "<group>"; };
		F7B4DD5F251EB5B6005147AE /* SomeFrameworkTests.xctest */ = {isa = PBXFileReference; explicitFileType = wrapper.cfbundle; includeInIndex = 0; path = SomeFrameworkTests.xctest; sourceTree = BUILT_PRODUCTS_DIR; };
		F7B4DD64251EB5B6005147AE /* SomeFrameworkTests.swift */ = {isa = PBXFileReference; lastKnownFileType = sourcecode.swift; path = SomeFrameworkTests.swift; sourceTree = "<group>"; };
		F7B4DD66251EB5B6005147AE /* Info.plist */ = {isa = PBXFileReference; lastKnownFileType = text.plist.xml; path = Info.plist; sourceTree = "<group>"; };
		F7B4DD94251EB61C005147AE /* TestHostApp.app */ = {isa = PBXFileReference; explicitFileType = wrapper.application; includeInIndex = 0; path = TestHostApp.app; sourceTree = BUILT_PRODUCTS_DIR; };
		F7B4DD96251EB61C005147AE /* AppDelegate.swift */ = {isa = PBXFileReference; lastKnownFileType = sourcecode.swift; path = AppDelegate.swift; sourceTree = "<group>"; };
		F7B4DD98251EB61C005147AE /* SceneDelegate.swift */ = {isa = PBXFileReference; lastKnownFileType = sourcecode.swift; path = SceneDelegate.swift; sourceTree = "<group>"; };
		F7B4DD9A251EB61C005147AE /* ViewController.swift */ = {isa = PBXFileReference; lastKnownFileType = sourcecode.swift; path = ViewController.swift; sourceTree = "<group>"; };
		F7B4DD9D251EB61C005147AE /* Base */ = {isa = PBXFileReference; lastKnownFileType = file.storyboard; name = Base; path = Base.lproj/Main.storyboard; sourceTree = "<group>"; };
		F7B4DD9F251EB61D005147AE /* Assets.xcassets */ = {isa = PBXFileReference; lastKnownFileType = folder.assetcatalog; path = Assets.xcassets; sourceTree = "<group>"; };
		F7B4DDA2251EB61D005147AE /* Base */ = {isa = PBXFileReference; lastKnownFileType = file.storyboard; name = Base; path = Base.lproj/LaunchScreen.storyboard; sourceTree = "<group>"; };
		F7B4DDA4251EB61D005147AE /* Info.plist */ = {isa = PBXFileReference; lastKnownFileType = text.plist.xml; path = Info.plist; sourceTree = "<group>"; };
/* End PBXFileReference section */

/* Begin PBXFrameworksBuildPhase section */
		F7B4DD53251EB5B6005147AE /* Frameworks */ = {
			isa = PBXFrameworksBuildPhase;
			buildActionMask = 2147483647;
			files = (
			);
			runOnlyForDeploymentPostprocessing = 0;
		};
		F7B4DD5C251EB5B6005147AE /* Frameworks */ = {
			isa = PBXFrameworksBuildPhase;
			buildActionMask = 2147483647;
			files = (
				F7B4DD60251EB5B6005147AE /* SomeFramework.framework in Frameworks */,
			);
			runOnlyForDeploymentPostprocessing = 0;
		};
		F7B4DD91251EB61C005147AE /* Frameworks */ = {
			isa = PBXFrameworksBuildPhase;
			buildActionMask = 2147483647;
			files = (
			);
			runOnlyForDeploymentPostprocessing = 0;
		};
/* End PBXFrameworksBuildPhase section */

/* Begin PBXGroup section */
		F7B4DD4C251EB5B6005147AE = {
			isa = PBXGroup;
			children = (
				F7B4DD58251EB5B6005147AE /* SomeFramework */,
				F7B4DD63251EB5B6005147AE /* SomeFrameworkTests */,
				F7B4DD95251EB61C005147AE /* TestHostApp */,
				F7B4DD57251EB5B6005147AE /* Products */,
			);
			sourceTree = "<group>";
		};
		F7B4DD57251EB5B6005147AE /* Products */ = {
			isa = PBXGroup;
			children = (
				F7B4DD56251EB5B6005147AE /* SomeFramework.framework */,
				F7B4DD5F251EB5B6005147AE /* SomeFrameworkTests.xctest */,
				F7B4DD94251EB61C005147AE /* TestHostApp.app */,
			);
			name = Products;
			sourceTree = "<group>";
		};
		F7B4DD58251EB5B6005147AE /* SomeFramework */ = {
			isa = PBXGroup;
			children = (
				F7B4DD59251EB5B6005147AE /* SomeFramework.h */,
				F7B4DD5A251EB5B6005147AE /* Info.plist */,
			);
			path = SomeFramework;
			sourceTree = "<group>";
		};
		F7B4DD63251EB5B6005147AE /* SomeFrameworkTests */ = {
			isa = PBXGroup;
			children = (
				F7B4DD64251EB5B6005147AE /* SomeFrameworkTests.swift */,
				F7B4DD66251EB5B6005147AE /* Info.plist */,
			);
			path = SomeFrameworkTests;
			sourceTree = "<group>";
		};
		F7B4DD95251EB61C005147AE /* TestHostApp */ = {
			isa = PBXGroup;
			children = (
				F7B4DD96251EB61C005147AE /* AppDelegate.swift */,
				F7B4DD98251EB61C005147AE /* SceneDelegate.swift */,
				F7B4DD9A251EB61C005147AE /* ViewController.swift */,
				F7B4DD9C251EB61C005147AE /* Main.storyboard */,
				F7B4DD9F251EB61D005147AE /* Assets.xcassets */,
				F7B4DDA1251EB61D005147AE /* LaunchScreen.storyboard */,
				F7B4DDA4251EB61D005147AE /* Info.plist */,
			);
			path = TestHostApp;
			sourceTree = "<group>";
		};
/* End PBXGroup section */

/* Begin PBXHeadersBuildPhase section */
		F7B4DD51251EB5B6005147AE /* Headers */ = {
			isa = PBXHeadersBuildPhase;
			buildActionMask = 2147483647;
			files = (
				F7B4DD67251EB5B6005147AE /* SomeFramework.h in Headers */,
			);
			runOnlyForDeploymentPostprocessing = 0;
		};
/* End PBXHeadersBuildPhase section */

/* Begin PBXNativeTarget section */
		F7B4DD55251EB5B6005147AE /* SomeFramework */ = {
			isa = PBXNativeTarget;
			buildConfigurationList = F7B4DD6A251EB5B6005147AE /* Build configuration list for PBXNativeTarget "SomeFramework" */;
			buildPhases = (
				F7B4DD51251EB5B6005147AE /* Headers */,
				F7B4DD52251EB5B6005147AE /* Sources */,
				F7B4DD53251EB5B6005147AE /* Frameworks */,
				F7B4DD54251EB5B6005147AE /* Resources */,
			);
			buildRules = (
			);
			dependencies = (
			);
			name = SomeFramework;
			productName = SomeFramework;
			productReference = F7B4DD56251EB5B6005147AE /* SomeFramework.framework */;
			productType = "com.apple.product-type.framework";
		};
		F7B4DD5E251EB5B6005147AE /* SomeFrameworkTests */ = {
			isa = PBXNativeTarget;
			buildConfigurationList = F7B4DD6D251EB5B6005147AE /* Build configuration list for PBXNativeTarget "SomeFrameworkTests" */;
			buildPhases = (
				F7B4DD5B251EB5B6005147AE /* Sources */,
				F7B4DD5C251EB5B6005147AE /* Frameworks */,
				F7B4DD5D251EB5B6005147AE /* Resources */,
			);
			buildRules = (
			);
			dependencies = (
				F7B4DD62251EB5B6005147AE /* PBXTargetDependency */,
				F7B4DDA9251EB626005147AE /* PBXTargetDependency */,
			);
			name = SomeFrameworkTests;
			productName = SomeFrameworkTests;
			productReference = F7B4DD5F251EB5B6005147AE /* SomeFrameworkTests.xctest */;
			productType = "com.apple.product-type.bundle.unit-test";
		};
		F7B4DD93251EB61C005147AE /* TestHostApp */ = {
			isa = PBXNativeTarget;
			buildConfigurationList = F7B4DDA5251EB61D005147AE /* Build configuration list for PBXNativeTarget "TestHostApp" */;
			buildPhases = (
				F7B4DD90251EB61C005147AE /* Sources */,
				F7B4DD91251EB61C005147AE /* Frameworks */,
				F7B4DD92251EB61C005147AE /* Resources */,
			);
			buildRules = (
			);
			dependencies = (
			);
			name = TestHostApp;
			productName = TestHostApp;
			productReference = F7B4DD94251EB61C005147AE /* TestHostApp.app */;
			productType = "com.apple.product-type.application";
		};
/* End PBXNativeTarget section */

/* Begin PBXProject section */
		F7B4DD4D251EB5B6005147AE /* Project object */ = {
			isa = PBXProject;
			attributes = {
				LastSwiftUpdateCheck = 1170;
				LastUpgradeCheck = 1170;
				ORGANIZATIONNAME = "Sung, Danny";
				TargetAttributes = {
					F7B4DD55251EB5B6005147AE = {
						CreatedOnToolsVersion = 11.7;
					};
					F7B4DD5E251EB5B6005147AE = {
						CreatedOnToolsVersion = 11.7;
						TestTargetID = F7B4DD93251EB61C005147AE;
					};
					F7B4DD93251EB61C005147AE = {
						CreatedOnToolsVersion = 11.7;
					};
				};
			};
			buildConfigurationList = F7B4DD50251EB5B6005147AE /* Build configuration list for PBXProject "SomeFramework" */;
			compatibilityVersion = "Xcode 9.3";
			developmentRegion = en;
			hasScannedForEncodings = 0;
			knownRegions = (
				en,
				Base,
			);
			mainGroup = F7B4DD4C251EB5B6005147AE;
			productRefGroup = F7B4DD57251EB5B6005147AE /* Products */;
			projectDirPath = "";
			projectRoot = "";
			targets = (
				F7B4DD55251EB5B6005147AE /* SomeFramework */,
				F7B4DD5E251EB5B6005147AE /* SomeFrameworkTests */,
				F7B4DD93251EB61C005147AE /* TestHostApp */,
			);
		};
/* End PBXProject section */

/* Begin PBXResourcesBuildPhase section */
		F7B4DD54251EB5B6005147AE /* Resources */ = {
			isa = PBXResourcesBuildPhase;
			buildActionMask = 2147483647;
			files = (
			);
			runOnlyForDeploymentPostprocessing = 0;
		};
		F7B4DD5D251EB5B6005147AE /* Resources */ = {
			isa = PBXResourcesBuildPhase;
			buildActionMask = 2147483647;
			files = (
			);
			runOnlyForDeploymentPostprocessing = 0;
		};
		F7B4DD92251EB61C005147AE /* Resources */ = {
			isa = PBXResourcesBuildPhase;
			buildActionMask = 2147483647;
			files = (
				F7B4DDA3251EB61D005147AE /* LaunchScreen.storyboard in Resources */,
				F7B4DDA0251EB61D005147AE /* Assets.xcassets in Resources */,
				F7B4DD9E251EB61C005147AE /* Main.storyboard in Resources */,
			);
			runOnlyForDeploymentPostprocessing = 0;
		};
/* End PBXResourcesBuildPhase section */

/* Begin PBXSourcesBuildPhase section */
		F7B4DD52251EB5B6005147AE /* Sources */ = {
			isa = PBXSourcesBuildPhase;
			buildActionMask = 2147483647;
			files = (
			);
			runOnlyForDeploymentPostprocessing = 0;
		};
		F7B4DD5B251EB5B6005147AE /* Sources */ = {
			isa = PBXSourcesBuildPhase;
			buildActionMask = 2147483647;
			files = (
				F7B4DD65251EB5B6005147AE /* SomeFrameworkTests.swift in Sources */,
			);
			runOnlyForDeploymentPostprocessing = 0;
		};
		F7B4DD90251EB61C005147AE /* Sources */ = {
			isa = PBXSourcesBuildPhase;
			buildActionMask = 2147483647;
			files = (
				F7B4DD9B251EB61C005147AE /* ViewController.swift in Sources */,
				F7B4DD97251EB61C005147AE /* AppDelegate.swift in Sources */,
				F7B4DD99251EB61C005147AE /* SceneDelegate.swift in Sources */,
			);
			runOnlyForDeploymentPostprocessing = 0;
		};
/* End PBXSourcesBuildPhase section */

/* Begin PBXTargetDependency section */
		F7B4DD62251EB5B6005147AE /* PBXTargetDependency */ = {
			isa = PBXTargetDependency;
			target = F7B4DD55251EB5B6005147AE /* SomeFramework */;
			targetProxy = F7B4DD61251EB5B6005147AE /* PBXContainerItemProxy */;
		};
		F7B4DDA9251EB626005147AE /* PBXTargetDependency */ = {
			isa = PBXTargetDependency;
			target = F7B4DD93251EB61C005147AE /* TestHostApp */;
			targetProxy = F7B4DDA8251EB626005147AE /* PBXContainerItemProxy */;
		};
/* End PBXTargetDependency section */

/* Begin PBXVariantGroup section */
		F7B4DD9C251EB61C005147AE /* Main.storyboard */ = {
			isa = PBXVariantGroup;
			children = (
				F7B4DD9D251EB61C005147AE /* Base */,
			);
			name = Main.storyboard;
			sourceTree = "<group>";
		};
		F7B4DDA1251EB61D005147AE /* LaunchScreen.storyboard */ = {
			isa = PBXVariantGroup;
			children = (
				F7B4DDA2251EB61D005147AE /* Base */,
			);
			name = LaunchScreen.storyboard;
			sourceTree = "<group>";
		};
/* End PBXVariantGroup section */

/* Begin XCBuildConfiguration section */
		F7B4DD68251EB5B6005147AE /* Debug */ = {
			isa = XCBuildConfiguration;
			buildSettings = {
				ALWAYS_SEARCH_USER_PATHS = NO;
				CLANG_ANALYZER_NONNULL = YES;
				CLANG_ANALYZER_NUMBER_OBJECT_CONVERSION = YES_AGGRESSIVE;
				CLANG_CXX_LANGUAGE_STANDARD = "gnu++14";
				CLANG_CXX_LIBRARY = "libc++";
				CLANG_ENABLE_MODULES = YES;
				CLANG_ENABLE_OBJC_ARC = YES;
				CLANG_ENABLE_OBJC_WEAK = YES;
				CLANG_WARN_BLOCK_CAPTURE_AUTORELEASING = YES;
				CLANG_WARN_BOOL_CONVERSION = YES;
				CLANG_WARN_COMMA = YES;
				CLANG_WARN_CONSTANT_CONVERSION = YES;
				CLANG_WARN_DEPRECATED_OBJC_IMPLEMENTATIONS = YES;
				CLANG_WARN_DIRECT_OBJC_ISA_USAGE = YES_ERROR;
				CLANG_WARN_DOCUMENTATION_COMMENTS = YES;
				CLANG_WARN_EMPTY_BODY = YES;
				CLANG_WARN_ENUM_CONVERSION = YES;
				CLANG_WARN_INFINITE_RECURSION = YES;
				CLANG_WARN_INT_CONVERSION = YES;
				CLANG_WARN_NON_LITERAL_NULL_CONVERSION = YES;
				CLANG_WARN_OBJC_IMPLICIT_RETAIN_SELF = YES;
				CLANG_WARN_OBJC_LITERAL_CONVERSION = YES;
				CLANG_WARN_OBJC_ROOT_CLASS = YES_ERROR;
				CLANG_WARN_RANGE_LOOP_ANALYSIS = YES;
				CLANG_WARN_STRICT_PROTOTYPES = YES;
				CLANG_WARN_SUSPICIOUS_MOVE = YES;
				CLANG_WARN_UNGUARDED_AVAILABILITY = YES_AGGRESSIVE;
				CLANG_WARN_UNREACHABLE_CODE = YES;
				CLANG_WARN__DUPLICATE_METHOD_MATCH = YES;
				COPY_PHASE_STRIP = NO;
				CURRENT_PROJECT_VERSION = 1;
				DEBUG_INFORMATION_FORMAT = dwarf;
				ENABLE_STRICT_OBJC_MSGSEND = YES;
				ENABLE_TESTABILITY = YES;
				GCC_C_LANGUAGE_STANDARD = gnu11;
				GCC_DYNAMIC_NO_PIC = NO;
				GCC_NO_COMMON_BLOCKS = YES;
				GCC_OPTIMIZATION_LEVEL = 0;
				GCC_PREPROCESSOR_DEFINITIONS = (
					"DEBUG=1",
					"$(inherited)",
				);
				GCC_WARN_64_TO_32_BIT_CONVERSION = YES;
				GCC_WARN_ABOUT_RETURN_TYPE = YES_ERROR;
				GCC_WARN_UNDECLARED_SELECTOR = YES;
				GCC_WARN_UNINITIALIZED_AUTOS = YES_AGGRESSIVE;
				GCC_WARN_UNUSED_FUNCTION = YES;
				GCC_WARN_UNUSED_VARIABLE = YES;
				IPHONEOS_DEPLOYMENT_TARGET = 13.7;
				MTL_ENABLE_DEBUG_INFO = INCLUDE_SOURCE;
				MTL_FAST_MATH = YES;
				ONLY_ACTIVE_ARCH = YES;
				SDKROOT = iphoneos;
				SWIFT_ACTIVE_COMPILATION_CONDITIONS = DEBUG;
				SWIFT_OPTIMIZATION_LEVEL = "-Onone";
				VERSIONING_SYSTEM = "apple-generic";
				VERSION_INFO_PREFIX = "";
			};
			name = Debug;
		};
		F7B4DD69251EB5B6005147AE /* Release */ = {
			isa = XCBuildConfiguration;
			buildSettings = {
				ALWAYS_SEARCH_USER_PATHS = NO;
				CLANG_ANALYZER_NONNULL = YES;
				CLANG_ANALYZER_NUMBER_OBJECT_CONVERSION = YES_AGGRESSIVE;
				CLANG_CXX_LANGUAGE_STANDARD = "gnu++14";
				CLANG_CXX_LIBRARY = "libc++";
				CLANG_ENABLE_MODULES = YES;
				CLANG_ENABLE_OBJC_ARC = YES;
				CLANG_ENABLE_OBJC_WEAK = YES;
				CLANG_WARN_BLOCK_CAPTURE_AUTORELEASING = YES;
				CLANG_WARN_BOOL_CONVERSION = YES;
				CLANG_WARN_COMMA = YES;
				CLANG_WARN_CONSTANT_CONVERSION = YES;
				CLANG_WARN_DEPRECATED_OBJC_IMPLEMENTATIONS = YES;
				CLANG_WARN_DIRECT_OBJC_ISA_USAGE = YES_ERROR;
				CLANG_WARN_DOCUMENTATION_COMMENTS = YES;
				CLANG_WARN_EMPTY_BODY = YES;
				CLANG_WARN_ENUM_CONVERSION = YES;
				CLANG_WARN_INFINITE_RECURSION = YES;
				CLANG_WARN_INT_CONVERSION = YES;
				CLANG_WARN_NON_LITERAL_NULL_CONVERSION = YES;
				CLANG_WARN_OBJC_IMPLICIT_RETAIN_SELF = YES;
				CLANG_WARN_OBJC_LITERAL_CONVERSION = YES;
				CLANG_WARN_OBJC_ROOT_CLASS = YES_ERROR;
				CLANG_WARN_RANGE_LOOP_ANALYSIS = YES;
				CLANG_WARN_STRICT_PROTOTYPES = YES;
				CLANG_WARN_SUSPICIOUS_MOVE = YES;
				CLANG_WARN_UNGUARDED_AVAILABILITY = YES_AGGRESSIVE;
				CLANG_WARN_UNREACHABLE_CODE = YES;
				CLANG_WARN__DUPLICATE_METHOD_MATCH = YES;
				COPY_PHASE_STRIP = NO;
				CURRENT_PROJECT_VERSION = 1;
				DEBUG_INFORMATION_FORMAT = "dwarf-with-dsym";
				ENABLE_NS_ASSERTIONS = NO;
				ENABLE_STRICT_OBJC_MSGSEND = YES;
				GCC_C_LANGUAGE_STANDARD = gnu11;
				GCC_NO_COMMON_BLOCKS = YES;
				GCC_WARN_64_TO_32_BIT_CONVERSION = YES;
				GCC_WARN_ABOUT_RETURN_TYPE = YES_ERROR;
				GCC_WARN_UNDECLARED_SELECTOR = YES;
				GCC_WARN_UNINITIALIZED_AUTOS = YES_AGGRESSIVE;
				GCC_WARN_UNUSED_FUNCTION = YES;
				GCC_WARN_UNUSED_VARIABLE = YES;
				IPHONEOS_DEPLOYMENT_TARGET = 13.7;
				MTL_ENABLE_DEBUG_INFO = NO;
				MTL_FAST_MATH = YES;
				SDKROOT = iphoneos;
				SWIFT_COMPILATION_MODE = wholemodule;
				SWIFT_OPTIMIZATION_LEVEL = "-O";
				VALIDATE_PRODUCT = YES;
				VERSIONING_SYSTEM = "apple-generic";
				VERSION_INFO_PREFIX = "";
			};
			name = Release;
		};
		F7B4DD6B251EB5B6005147AE /* Debug */ = {
			isa = XCBuildConfiguration;
			buildSettings = {
				CODE_SIGN_STYLE = Automatic;
				DEFINES_MODULE = YES;
				DEVELOPMENT_TEAM = RXWS3MUYCY;
				DYLIB_COMPATIBILITY_VERSION = 1;
				DYLIB_CURRENT_VERSION = 1;
				DYLIB_INSTALL_NAME_BASE = "@rpath";
				INFOPLIST_FILE = SomeFramework/Info.plist;
				INSTALL_PATH = "$(LOCAL_LIBRARY_DIR)/Frameworks";
				LD_RUNPATH_SEARCH_PATHS = (
					"$(inherited)",
					"@executable_path/Frameworks",
					"@loader_path/Frameworks",
				);
				PRODUCT_BUNDLE_IDENTIFIER = com.dannysung.bugs.SomeFramework;
				PRODUCT_NAME = "$(TARGET_NAME:c99extidentifier)";
				SKIP_INSTALL = YES;
				SWIFT_VERSION = 5.0;
				TARGETED_DEVICE_FAMILY = "1,2";
			};
			name = Debug;
		};
		F7B4DD6C251EB5B6005147AE /* Release */ = {
			isa = XCBuildConfiguration;
			buildSettings = {
				CODE_SIGN_STYLE = Automatic;
				DEFINES_MODULE = YES;
				DEVELOPMENT_TEAM = RXWS3MUYCY;
				DYLIB_COMPATIBILITY_VERSION = 1;
				DYLIB_CURRENT_VERSION = 1;
				DYLIB_INSTALL_NAME_BASE = "@rpath";
				INFOPLIST_FILE = SomeFramework/Info.plist;
				INSTALL_PATH = "$(LOCAL_LIBRARY_DIR)/Frameworks";
				LD_RUNPATH_SEARCH_PATHS = (
					"$(inherited)",
					"@executable_path/Frameworks",
					"@loader_path/Frameworks",
				);
				PRODUCT_BUNDLE_IDENTIFIER = com.dannysung.bugs.SomeFramework;
				PRODUCT_NAME = "$(TARGET_NAME:c99extidentifier)";
				SKIP_INSTALL = YES;
				SWIFT_VERSION = 5.0;
				TARGETED_DEVICE_FAMILY = "1,2";
			};
			name = Release;
		};
		F7B4DD6E251EB5B6005147AE /* Debug */ = {
			isa = XCBuildConfiguration;
			buildSettings = {
				CODE_SIGN_STYLE = Automatic;
				DEVELOPMENT_TEAM = RXWS3MUYCY;
				INFOPLIST_FILE = SomeFrameworkTests/Info.plist;
				LD_RUNPATH_SEARCH_PATHS = (
					"$(inherited)",
					"@executable_path/Frameworks",
					"@loader_path/Frameworks",
				);
				PRODUCT_BUNDLE_IDENTIFIER = com.dannysung.bugs.SomeFrameworkTests;
				PRODUCT_NAME = "$(TARGET_NAME)";
				SWIFT_VERSION = 5.0;
				TARGETED_DEVICE_FAMILY = "1,2";
				TEST_HOST = "$(BUILT_PRODUCTS_DIR)/TestHostApp.app/TestHostApp";
			};
			name = Debug;
		};
		F7B4DD6F251EB5B6005147AE /* Release */ = {
			isa = XCBuildConfiguration;
			buildSettings = {
				CODE_SIGN_STYLE = Automatic;
				DEVELOPMENT_TEAM = RXWS3MUYCY;
				INFOPLIST_FILE = SomeFrameworkTests/Info.plist;
				LD_RUNPATH_SEARCH_PATHS = (
					"$(inherited)",
					"@executable_path/Frameworks",
					"@loader_path/Frameworks",
				);
				PRODUCT_BUNDLE_IDENTIFIER = com.dannysung.bugs.SomeFrameworkTests;
				PRODUCT_NAME = "$(TARGET_NAME)";
				SWIFT_VERSION = 5.0;
				TARGETED_DEVICE_FAMILY = "1,2";
				TEST_HOST = "$(BUILT_PRODUCTS_DIR)/TestHostApp.app/TestHostApp";
			};
			name = Release;
		};
		F7B4DDA6251EB61D005147AE /* Debug */ = {
			isa = XCBuildConfiguration;
			buildSettings = {
				ASSETCATALOG_COMPILER_APPICON_NAME = AppIcon;
				CODE_SIGN_STYLE = Automatic;
				DEVELOPMENT_TEAM = RXWS3MUYCY;
				INFOPLIST_FILE = TestHostApp/Info.plist;
				LD_RUNPATH_SEARCH_PATHS = (
					"$(inherited)",
					"@executable_path/Frameworks",
				);
				PRODUCT_BUNDLE_IDENTIFIER = com.dannysung.bugs.TestHostApp;
				PRODUCT_NAME = "$(TARGET_NAME)";
				SWIFT_VERSION = 5.0;
				TARGETED_DEVICE_FAMILY = "1,2";
			};
			name = Debug;
		};
		F7B4DDA7251EB61D005147AE /* Release */ = {
			isa = XCBuildConfiguration;
			buildSettings = {
				ASSETCATALOG_COMPILER_APPICON_NAME = AppIcon;
				CODE_SIGN_STYLE = Automatic;
				DEVELOPMENT_TEAM = RXWS3MUYCY;
				INFOPLIST_FILE = TestHostApp/Info.plist;
				LD_RUNPATH_SEARCH_PATHS = (
					"$(inherited)",
					"@executable_path/Frameworks",
				);
				PRODUCT_BUNDLE_IDENTIFIER = com.dannysung.bugs.TestHostApp;
				PRODUCT_NAME = "$(TARGET_NAME)";
				SWIFT_VERSION = 5.0;
				TARGETED_DEVICE_FAMILY = "1,2";
			};
			name = Release;
		};
/* End XCBuildConfiguration section */

/* Begin XCConfigurationList section */
		F7B4DD50251EB5B6005147AE /* Build configuration list for PBXProject "SomeFramework" */ = {
			isa = XCConfigurationList;
			buildConfigurations = (
				F7B4DD68251EB5B6005147AE /* Debug */,
				F7B4DD69251EB5B6005147AE /* Release */,
			);
			defaultConfigurationIsVisible = 0;
			defaultConfigurationName = Release;
		};
		F7B4DD6A251EB5B6005147AE /* Build configuration list for PBXNativeTarget "SomeFramework" */ = {
			isa = XCConfigurationList;
			buildConfigurations = (
				F7B4DD6B251EB5B6005147AE /* Debug */,
				F7B4DD6C251EB5B6005147AE /* Release */,
			);
			defaultConfigurationIsVisible = 0;
			defaultConfigurationName = Release;
		};
		F7B4DD6D251EB5B6005147AE /* Build configuration list for PBXNativeTarget "SomeFrameworkTests" */ = {
			isa = XCConfigurationList;
			buildConfigurations = (
				F7B4DD6E251EB5B6005147AE /* Debug */,
				F7B4DD6F251EB5B6005147AE /* Release */,
			);
			defaultConfigurationIsVisible = 0;
			defaultConfigurationName = Release;
		};
		F7B4DDA5251EB61D005147AE /* Build configuration list for PBXNativeTarget "TestHostApp" */ = {
			isa = XCConfigurationList;
			buildConfigurations = (
				F7B4DDA6251EB61D005147AE /* Debug */,
				F7B4DDA7251EB61D005147AE /* Release */,
			);
			defaultConfigurationIsVisible = 0;
			defaultConfigurationName = Release;
		};
/* End XCConfigurationList section */
	};
	rootObject = F7B4DD4D251EB5B6005147AE /* Project object */;
}
